// !$*UTF8*$!
{
	archiveVersion = 1;
	classes = {
	};
	objectVersion = 46;
	objects = {

/* Begin PBXBuildFile section */
		953D1BFB1D2DCA9F0056A57B /* TravelLocationsMapViewController.swift in Sources */ = {isa = PBXBuildFile; fileRef = 953D1BFA1D2DCA9F0056A57B /* TravelLocationsMapViewController.swift */; };
		95D198B91D2DB95200380496 /* AppDelegate.swift in Sources */ = {isa = PBXBuildFile; fileRef = 95D198B81D2DB95200380496 /* AppDelegate.swift */; };
		95D198BE1D2DB95200380496 /* Main.storyboard in Resources */ = {isa = PBXBuildFile; fileRef = 95D198BC1D2DB95200380496 /* Main.storyboard */; };
		95D198C01D2DB95200380496 /* Assets.xcassets in Resources */ = {isa = PBXBuildFile; fileRef = 95D198BF1D2DB95200380496 /* Assets.xcassets */; };
		95D198C31D2DB95200380496 /* LaunchScreen.storyboard in Resources */ = {isa = PBXBuildFile; fileRef = 95D198C11D2DB95200380496 /* LaunchScreen.storyboard */; };
/* End PBXBuildFile section */

/* Begin PBXFileReference section */
		953D1BFA1D2DCA9F0056A57B /* TravelLocationsMapViewController.swift */ = {isa = PBXFileReference; fileEncoding = 4; lastKnownFileType = sourcecode.swift; path = TravelLocationsMapViewController.swift; sourceTree = "<group>"; };
		95D198B51D2DB95200380496 /* VirtualTourist.app */ = {isa = PBXFileReference; explicitFileType = wrapper.application; includeInIndex = 0; path = VirtualTourist.app; sourceTree = BUILT_PRODUCTS_DIR; };
		95D198B81D2DB95200380496 /* AppDelegate.swift */ = {isa = PBXFileReference; lastKnownFileType = sourcecode.swift; path = AppDelegate.swift; sourceTree = "<group>"; };
		95D198BD1D2DB95200380496 /* Base */ = {isa = PBXFileReference; lastKnownFileType = file.storyboard; name = Base; path = Base.lproj/Main.storyboard; sourceTree = "<group>"; };
		95D198BF1D2DB95200380496 /* Assets.xcassets */ = {isa = PBXFileReference; lastKnownFileType = folder.assetcatalog; path = Assets.xcassets; sourceTree = "<group>"; };
		95D198C21D2DB95200380496 /* Base */ = {isa = PBXFileReference; lastKnownFileType = file.storyboard; name = Base; path = Base.lproj/LaunchScreen.storyboard; sourceTree = "<group>"; };
		95D198C41D2DB95200380496 /* Info.plist */ = {isa = PBXFileReference; lastKnownFileType = text.plist.xml; path = Info.plist; sourceTree = "<group>"; };
/* End PBXFileReference section */

/* Begin PBXFrameworksBuildPhase section */
		95D198B21D2DB95200380496 /* Frameworks */ = {
			isa = PBXFrameworksBuildPhase;
			buildActionMask = 2147483647;
			files = (
			);
			runOnlyForDeploymentPostprocessing = 0;
		};
/* End PBXFrameworksBuildPhase section */

/* Begin PBXGroup section */
		953D1BF41D2DC87A0056A57B /* Supporting Files */ = {
			isa = PBXGroup;
			children = (
				95D198BF1D2DB95200380496 /* Assets.xcassets */,
				95D198B81D2DB95200380496 /* AppDelegate.swift */,
				95D198C41D2DB95200380496 /* Info.plist */,
			);
			name = "Supporting Files";
			sourceTree = "<group>";
		};
		953D1BF61D2DC8A30056A57B /* Client */ = {
			isa = PBXGroup;
			children = (
			);
			name = Client;
			sourceTree = "<group>";
		};
		953D1BF71D2DC8B20056A57B /* Controller */ = {
			isa = PBXGroup;
			children = (
				953D1BFA1D2DCA9F0056A57B /* TravelLocationsMapViewController.swift */,
			);
			name = Controller;
			sourceTree = "<group>";
		};
		953D1BF81D2DC8C10056A57B /* View */ = {
			isa = PBXGroup;
			children = (
				95D198BC1D2DB95200380496 /* Main.storyboard */,
				95D198C11D2DB95200380496 /* LaunchScreen.storyboard */,
			);
			name = View;
			sourceTree = "<group>";
		};
		953D1BF91D2DC8C70056A57B /* Model */ = {
			isa = PBXGroup;
			children = (
			);
			name = Model;
			sourceTree = "<group>";
		};
		95D198AC1D2DB95200380496 = {
			isa = PBXGroup;
			children = (
				95D198B71D2DB95200380496 /* VirtualTourist */,
				95D198B61D2DB95200380496 /* Products */,
			);
			sourceTree = "<group>";
		};
		95D198B61D2DB95200380496 /* Products */ = {
			isa = PBXGroup;
			children = (
				95D198B51D2DB95200380496 /* VirtualTourist.app */,
			);
			name = Products;
			sourceTree = "<group>";
		};
		95D198B71D2DB95200380496 /* VirtualTourist */ = {
			isa = PBXGroup;
			children = (
				953D1BF91D2DC8C70056A57B /* Model */,
				953D1BF81D2DC8C10056A57B /* View */,
				953D1BF71D2DC8B20056A57B /* Controller */,
				953D1BF61D2DC8A30056A57B /* Client */,
				953D1BF41D2DC87A0056A57B /* Supporting Files */,
			);
			path = VirtualTourist;
			sourceTree = "<group>";
		};
/* End PBXGroup section */

/* Begin PBXNativeTarget section */
		95D198B41D2DB95200380496 /* VirtualTourist */ = {
			isa = PBXNativeTarget;
			buildConfigurationList = 95D198C71D2DB95200380496 /* Build configuration list for PBXNativeTarget "VirtualTourist" */;
			buildPhases = (
				95D198B11D2DB95200380496 /* Sources */,
				95D198B21D2DB95200380496 /* Frameworks */,
				95D198B31D2DB95200380496 /* Resources */,
			);
			buildRules = (
			);
			dependencies = (
			);
			name = VirtualTourist;
			productName = VirtualTourist;
			productReference = 95D198B51D2DB95200380496 /* VirtualTourist.app */;
			productType = "com.apple.product-type.application";
		};
/* End PBXNativeTarget section */

/* Begin PBXProject section */
		95D198AD1D2DB95200380496 /* Project object */ = {
			isa = PBXProject;
			attributes = {
				LastSwiftUpdateCheck = 0730;
				LastUpgradeCheck = 0730;
				ORGANIZATIONNAME = "Jeff Schmitz";
				TargetAttributes = {
					95D198B41D2DB95200380496 = {
						CreatedOnToolsVersion = 7.3.1;
					};
				};
			};
			buildConfigurationList = 95D198B01D2DB95200380496 /* Build configuration list for PBXProject "VirtualTourist" */;
			compatibilityVersion = "Xcode 3.2";
			developmentRegion = English;
			hasScannedForEncodings = 0;
			knownRegions = (
				en,
				Base,
			);
			mainGroup = 95D198AC1D2DB95200380496;
			productRefGroup = 95D198B61D2DB95200380496 /* Products */;
			projectDirPath = "";
			projectRoot = "";
			targets = (
				95D198B41D2DB95200380496 /* VirtualTourist */,
			);
		};
/* End PBXProject section */

/* Begin PBXResourcesBuildPhase section */
		95D198B31D2DB95200380496 /* Resources */ = {
			isa = PBXResourcesBuildPhase;
			buildActionMask = 2147483647;
			files = (
				95D198C31D2DB95200380496 /* LaunchScreen.storyboard in Resources */,
				95D198C01D2DB95200380496 /* Assets.xcassets in Resources */,
				95D198BE1D2DB95200380496 /* Main.storyboard in Resources */,
			);
			runOnlyForDeploymentPostprocessing = 0;
		};
/* End PBXResourcesBuildPhase section */

/* Begin PBXSourcesBuildPhase section */
		95D198B11D2DB95200380496 /* Sources */ = {
			isa = PBXSourcesBuildPhase;
			buildActionMask = 2147483647;
			files = (
				953D1BFB1D2DCA9F0056A57B /* TravelLocationsMapViewController.swift in Sources */,
				95D198B91D2DB95200380496 /* AppDelegate.swift in Sources */,
			);
			runOnlyForDeploymentPostprocessing = 0;
		};
/* End PBXSourcesBuildPhase section */

/* Begin PBXVariantGroup section */
		95D198BC1D2DB95200380496 /* Main.storyboard */ = {
			isa = PBXVariantGroup;
			children = (
				95D198BD1D2DB95200380496 /* Base */,
			);
			name = Main.storyboard;
			sourceTree = "<group>";
		};
		95D198C11D2DB95200380496 /* LaunchScreen.storyboard */ = {
			isa = PBXVariantGroup;
			children = (
				95D198C21D2DB95200380496 /* Base */,
			);
			name = LaunchScreen.storyboard;
			sourceTree = "<group>";
		};
/* End PBXVariantGroup section */

/* Begin XCBuildConfiguration section */
		95D198C51D2DB95200380496 /* Debug */ = {
			isa = XCBuildConfiguration;
			buildSettings = {
				ALWAYS_SEARCH_USER_PATHS = NO;
				CLANG_ANALYZER_NONNULL = YES;
				CLANG_CXX_LANGUAGE_STANDARD = "gnu++0x";
				CLANG_CXX_LIBRARY = "libc++";
				CLANG_ENABLE_MODULES = YES;
				CLANG_ENABLE_OBJC_ARC = YES;
				CLANG_WARN_BOOL_CONVERSION = YES;
				CLANG_WARN_CONSTANT_CONVERSION = YES;
				CLANG_WARN_DIRECT_OBJC_ISA_USAGE = YES_ERROR;
				CLANG_WARN_EMPTY_BODY = YES;
				CLANG_WARN_ENUM_CONVERSION = YES;
				CLANG_WARN_INT_CONVERSION = YES;
				CLANG_WARN_OBJC_ROOT_CLASS = YES_ERROR;
				CLANG_WARN_UNREACHABLE_CODE = YES;
				CLANG_WARN__DUPLICATE_METHOD_MATCH = YES;
				"CODE_SIGN_IDENTITY[sdk=iphoneos*]" = "iPhone Developer";
				COPY_PHASE_STRIP = NO;
				DEBUG_INFORMATION_FORMAT = dwarf;
				ENABLE_STRICT_OBJC_MSGSEND = YES;
				ENABLE_TESTABILITY = YES;
				GCC_C_LANGUAGE_STANDARD = gnu99;
				GCC_DYNAMIC_NO_PIC = NO;
				GCC_NO_COMMON_BLOCKS = YES;
				GCC_OPTIMIZATION_LEVEL = 0;
				GCC_PREPROCESSOR_DEFINITIONS = (
					"DEBUG=1",
					"$(inherited)",
				);
				GCC_WARN_64_TO_32_BIT_CONVERSION = YES;
				GCC_WARN_ABOUT_RETURN_TYPE = YES_ERROR;
				GCC_WARN_UNDECLARED_SELECTOR = YES;
				GCC_WARN_UNINITIALIZED_AUTOS = YES_AGGRESSIVE;
				GCC_WARN_UNUSED_FUNCTION = YES;
				GCC_WARN_UNUSED_VARIABLE = YES;
				IPHONEOS_DEPLOYMENT_TARGET = 9.3;
				MTL_ENABLE_DEBUG_INFO = YES;
				ONLY_ACTIVE_ARCH = YES;
				SDKROOT = iphoneos;
				SWIFT_OPTIMIZATION_LEVEL = "-Onone";
				TARGETED_DEVICE_FAMILY = "1,2";
			};
			name = Debug;
		};
		95D198C61D2DB95200380496 /* Release */ = {
			isa = XCBuildConfiguration;
			buildSettings = {
				ALWAYS_SEARCH_USER_PATHS = NO;
				CLANG_ANALYZER_NONNULL = YES;
				CLANG_CXX_LANGUAGE_STANDARD = "gnu++0x";
				CLANG_CXX_LIBRARY = "libc++";
				CLANG_ENABLE_MODULES = YES;
				CLANG_ENABLE_OBJC_ARC = YES;
				CLANG_WARN_BOOL_CONVERSION = YES;
				CLANG_WARN_CONSTANT_CONVERSION = YES;
				CLANG_WARN_DIRECT_OBJC_ISA_USAGE = YES_ERROR;
				CLANG_WARN_EMPTY_BODY = YES;
				CLANG_WARN_ENUM_CONVERSION = YES;
				CLANG_WARN_INT_CONVERSION = YES;
				CLANG_WARN_OBJC_ROOT_CLASS = YES_ERROR;
				CLANG_WARN_UNREACHABLE_CODE = YES;
				CLANG_WARN__DUPLICATE_METHOD_MATCH = YES;
				"CODE_SIGN_IDENTITY[sdk=iphoneos*]" = "iPhone Developer";
				COPY_PHASE_STRIP = NO;
				DEBUG_INFORMATION_FORMAT = "dwarf-with-dsym";
				ENABLE_NS_ASSERTIONS = NO;
				ENABLE_STRICT_OBJC_MSGSEND = YES;
				GCC_C_LANGUAGE_STANDARD = gnu99;
				GCC_NO_COMMON_BLOCKS = YES;
				GCC_WARN_64_TO_32_BIT_CONVERSION = YES;
				GCC_WARN_ABOUT_RETURN_TYPE = YES_ERROR;
				GCC_WARN_UNDECLARED_SELECTOR = YES;
				GCC_WARN_UNINITIALIZED_AUTOS = YES_AGGRESSIVE;
				GCC_WARN_UNUSED_FUNCTION = YES;
				GCC_WARN_UNUSED_VARIABLE = YES;
				IPHONEOS_DEPLOYMENT_TARGET = 9.3;
				MTL_ENABLE_DEBUG_INFO = NO;
				SDKROOT = iphoneos;
				TARGETED_DEVICE_FAMILY = "1,2";
				VALIDATE_PRODUCT = YES;
			};
			name = Release;
		};
		95D198C81D2DB95200380496 /* Debug */ = {
			isa = XCBuildConfiguration;
			buildSettings = {
				ASSETCATALOG_COMPILER_APPICON_NAME = AppIcon;
				INFOPLIST_FILE = VirtualTourist/Info.plist;
				LD_RUNPATH_SEARCH_PATHS = "$(inherited) @executable_path/Frameworks";
				PRODUCT_BUNDLE_IDENTIFIER = com.codefume.VirtualTourist;
				PRODUCT_NAME = "$(TARGET_NAME)";
			};
			name = Debug;
		};
		95D198C91D2DB95200380496 /* Release */ = {
			isa = XCBuildConfiguration;
			buildSettings = {
				ASSETCATALOG_COMPILER_APPICON_NAME = AppIcon;
				INFOPLIST_FILE = VirtualTourist/Info.plist;
				LD_RUNPATH_SEARCH_PATHS = "$(inherited) @executable_path/Frameworks";
				PRODUCT_BUNDLE_IDENTIFIER = com.codefume.VirtualTourist;
				PRODUCT_NAME = "$(TARGET_NAME)";
			};
			name = Release;
		};
/* End XCBuildConfiguration section */

/* Begin XCConfigurationList section */
		95D198B01D2DB95200380496 /* Build configuration list for PBXProject "VirtualTourist" */ = {
			isa = XCConfigurationList;
			buildConfigurations = (
				95D198C51D2DB95200380496 /* Debug */,
				95D198C61D2DB95200380496 /* Release */,
			);
			defaultConfigurationIsVisible = 0;
			defaultConfigurationName = Release;
		};
		95D198C71D2DB95200380496 /* Build configuration list for PBXNativeTarget "VirtualTourist" */ = {
			isa = XCConfigurationList;
			buildConfigurations = (
				95D198C81D2DB95200380496 /* Debug */,
				95D198C91D2DB95200380496 /* Release */,
			);
			defaultConfigurationIsVisible = 0;
			defaultConfigurationName = Release;
		};
/* End XCConfigurationList section */
	};
	rootObject = 95D198AD1D2DB95200380496 /* Project object */;
}
